
Microsoft Visual Studio Solution File, Format Version 12.00
# Visual Studio Version 16
VisualStudioVersion = 16.0.31321.278
MinimumVisualStudioVersion = 10.0.40219.1
Project("{FAE04EC0-301F-11D3-BF4B-00C04F79EFBC}") = "fuction", "fuction\fuction.csproj", "{FE524828-3AA9-4004-A64F-F103E603F0D8}"
EndProject
Global
	GlobalSection(SolutionConfigurationPlatforms) = preSolution
		Debug|Any CPU = Debug|Any CPU
		Release|Any CPU = Release|Any CPU
	EndGlobalSection
	GlobalSection(ProjectConfigurationPlatforms) = postSolution
		{FE524828-3AA9-4004-A64F-F103E603F0D8}.Debug|Any CPU.ActiveCfg = Debug|Any CPU
		{FE524828-3AA9-4004-A64F-F103E603F0D8}.Debug|Any CPU.Build.0 = Debug|Any CPU
		{FE524828-3AA9-4004-A64F-F103E603F0D8}.Release|Any CPU.ActiveCfg = Release|Any CPU
		{FE524828-3AA9-4004-A64F-F103E603F0D8}.Release|Any CPU.Build.0 = Release|Any CPU
	EndGlobalSection
	GlobalSection(SolutionProperties) = preSolution
		HideSolutionNode = FALSE
	EndGlobalSection
	GlobalSection(ExtensibilityGlobals) = postSolution
		SolutionGuid = {2A2F6179-2DC8-438C-8B8E-419C6B9F7C86}
	EndGlobalSection
EndGlobal
